Microsoft Visual Studio Solution File, Format Version 12.00
# Visual Studio Version 17
VisualStudioVersion = 17.2.32516.85
MinimumVisualStudioVersion = 10.0.40219.1
Project("{F184B08F-C81C-45F6-A57F-5ABD9991F28F}") = "BindAndAddFields", "BindAndAddFields\BindAndAddFields.vbproj", "{617F2BA1-3945-4E9A-83F1-BFC36E59DA4A}"
EndProject
Global
	GlobalSection(SolutionConfigurationPlatforms) = preSolution
		Debug|Any CPU = Debug|Any CPU
		Release|Any CPU = Release|Any CPU
	EndGlobalSection
	GlobalSection(ProjectConfigurationPlatforms) = postSolution
		{617F2BA1-3945-4E9A-83F1-BFC36E59DA4A}.Debug|Any CPU.ActiveCfg = Debug|Any CPU
		{617F2BA1-3945-4E9A-83F1-BFC36E59DA4A}.Debug|Any CPU.Build.0 = Debug|Any CPU
		{617F2BA1-3945-4E9A-83F1-BFC36E59DA4A}.Release|Any CPU.ActiveCfg = Release|Any CPU
		{617F2BA1-3945-4E9A-83F1-BFC36E59DA4A}.Release|Any CPU.Build.0 = Release|Any CPU
	EndGlobalSection
	GlobalSection(SolutionProperties) = preSolution
		HideSolutionNode = FALSE
	EndGlobalSection
	GlobalSection(ExtensibilityGlobals) = postSolution
		SolutionGuid = {27E82AE5-3773-4446-99FA-8CC5595CBF3F}
	EndGlobalSection
EndGlobal
